// !$*UTF8*$!
{
	archiveVersion = 1;
	classes = {
	};
	objectVersion = 50;
	objects = {

/* Begin PBXBuildFile section */
		087302C12129D4D5006F6EFB /* AppDelegate.swift in Sources */ = {isa = PBXBuildFile; fileRef = 087302C02129D4D5006F6EFB /* AppDelegate.swift */; };
		087302C32129D4D5006F6EFB /* ViewController.swift in Sources */ = {isa = PBXBuildFile; fileRef = 087302C22129D4D5006F6EFB /* ViewController.swift */; };
		087302C62129D4D5006F6EFB /* Main.storyboard in Resources */ = {isa = PBXBuildFile; fileRef = 087302C42129D4D5006F6EFB /* Main.storyboard */; };
		087302C82129D4D6006F6EFB /* Assets.xcassets in Resources */ = {isa = PBXBuildFile; fileRef = 087302C72129D4D6006F6EFB /* Assets.xcassets */; };
		087302CB2129D4D6006F6EFB /* LaunchScreen.storyboard in Resources */ = {isa = PBXBuildFile; fileRef = 087302C92129D4D6006F6EFB /* LaunchScreen.storyboard */; };
		087302D32129D66E006F6EFB /* RegisterViewModal.swift in Sources */ = {isa = PBXBuildFile; fileRef = 087302D22129D66E006F6EFB /* RegisterViewModal.swift */; };
		DD155CFE5E2E10C206E50503 /* Pods_RegisterMVVM.framework in Frameworks */ = {isa = PBXBuildFile; fileRef = D368D6072A84CDB1865B1219 /* Pods_RegisterMVVM.framework */; };
/* End PBXBuildFile section */

/* Begin PBXFileReference section */
		087302BD2129D4D4006F6EFB /* RegisterMVVM.app */ = {isa = PBXFileReference; explicitFileType = wrapper.application; includeInIndex = 0; path = RegisterMVVM.app; sourceTree = BUILT_PRODUCTS_DIR; };
		087302C02129D4D5006F6EFB /* AppDelegate.swift */ = {isa = PBXFileReference; lastKnownFileType = sourcecode.swift; path = AppDelegate.swift; sourceTree = "<group>"; };
		087302C22129D4D5006F6EFB /* ViewController.swift */ = {isa = PBXFileReference; lastKnownFileType = sourcecode.swift; path = ViewController.swift; sourceTree = "<group>"; };
		087302C52129D4D5006F6EFB /* Base */ = {isa = PBXFileReference; lastKnownFileType = file.storyboard; name = Base; path = Base.lproj/Main.storyboard; sourceTree = "<group>"; };
		087302C72129D4D6006F6EFB /* Assets.xcassets */ = {isa = PBXFileReference; lastKnownFileType = folder.assetcatalog; path = Assets.xcassets; sourceTree = "<group>"; };
		087302CA2129D4D6006F6EFB /* Base */ = {isa = PBXFileReference; lastKnownFileType = file.storyboard; name = Base; path = Base.lproj/LaunchScreen.storyboard; sourceTree = "<group>"; };
		087302CC2129D4D6006F6EFB /* Info.plist */ = {isa = PBXFileReference; lastKnownFileType = text.plist.xml; path = Info.plist; sourceTree = "<group>"; };
		087302D22129D66E006F6EFB /* RegisterViewModal.swift */ = {isa = PBXFileReference; lastKnownFileType = sourcecode.swift; path = RegisterViewModal.swift; sourceTree = "<group>"; };
		838276C0BCA80F5AD73E9A5E /* Pods-RegisterMVVM.release.xcconfig */ = {isa = PBXFileReference; includeInIndex = 1; lastKnownFileType = text.xcconfig; name = "Pods-RegisterMVVM.release.xcconfig"; path = "Pods/Target Support Files/Pods-RegisterMVVM/Pods-RegisterMVVM.release.xcconfig"; sourceTree = "<group>"; };
		D368D6072A84CDB1865B1219 /* Pods_RegisterMVVM.framework */ = {isa = PBXFileReference; explicitFileType = wrapper.framework; includeInIndex = 0; path = Pods_RegisterMVVM.framework; sourceTree = BUILT_PRODUCTS_DIR; };
		E5C661F5FFFB22ED24374D85 /* Pods-RegisterMVVM.debug.xcconfig */ = {isa = PBXFileReference; includeInIndex = 1; lastKnownFileType = text.xcconfig; name = "Pods-RegisterMVVM.debug.xcconfig"; path = "Pods/Target Support Files/Pods-RegisterMVVM/Pods-RegisterMVVM.debug.xcconfig"; sourceTree = "<group>"; };
/* End PBXFileReference section */

/* Begin PBXFrameworksBuildPhase section */
		087302BA2129D4D4006F6EFB /* Frameworks */ = {
			isa = PBXFrameworksBuildPhase;
			buildActionMask = 2147483647;
			files = (
				DD155CFE5E2E10C206E50503 /* Pods_RegisterMVVM.framework in Frameworks */,
			);
			runOnlyForDeploymentPostprocessing = 0;
		};
/* End PBXFrameworksBuildPhase section */

/* Begin PBXGroup section */
		087302B42129D4D4006F6EFB = {
			isa = PBXGroup;
			children = (
				087302BF2129D4D4006F6EFB /* RegisterMVVM */,
				087302BE2129D4D4006F6EFB /* Products */,
				26B2920F5DE8737395425029 /* Pods */,
				864C6CB4488756FF29455C04 /* Frameworks */,
			);
			sourceTree = "<group>";
		};
		087302BE2129D4D4006F6EFB /* Products */ = {
			isa = PBXGroup;
			children = (
				087302BD2129D4D4006F6EFB /* RegisterMVVM.app */,
			);
			name = Products;
			sourceTree = "<group>";
		};
		087302BF2129D4D4006F6EFB /* RegisterMVVM */ = {
			isa = PBXGroup;
			children = (
				087302C02129D4D5006F6EFB /* AppDelegate.swift */,
				087302C22129D4D5006F6EFB /* ViewController.swift */,
				087302C42129D4D5006F6EFB /* Main.storyboard */,
				087302C72129D4D6006F6EFB /* Assets.xcassets */,
				087302C92129D4D6006F6EFB /* LaunchScreen.storyboard */,
				087302CC2129D4D6006F6EFB /* Info.plist */,
				087302D22129D66E006F6EFB /* RegisterViewModal.swift */,
			);
			path = RegisterMVVM;
			sourceTree = "<group>";
		};
		26B2920F5DE8737395425029 /* Pods */ = {
			isa = PBXGroup;
			children = (
				E5C661F5FFFB22ED24374D85 /* Pods-RegisterMVVM.debug.xcconfig */,
				838276C0BCA80F5AD73E9A5E /* Pods-RegisterMVVM.release.xcconfig */,
			);
			name = Pods;
			sourceTree = "<group>";
		};
		864C6CB4488756FF29455C04 /* Frameworks */ = {
			isa = PBXGroup;
			children = (
				D368D6072A84CDB1865B1219 /* Pods_RegisterMVVM.framework */,
			);
			name = Frameworks;
			sourceTree = "<group>";
		};
/* End PBXGroup section */

/* Begin PBXNativeTarget section */
		087302BC2129D4D4006F6EFB /* RegisterMVVM */ = {
			isa = PBXNativeTarget;
			buildConfigurationList = 087302CF2129D4D6006F6EFB /* Build configuration list for PBXNativeTarget "RegisterMVVM" */;
			buildPhases = (
				DE0D69BADFFB8E5F1EB86EB5 /* [CP] Check Pods Manifest.lock */,
				087302B92129D4D4006F6EFB /* Sources */,
				087302BA2129D4D4006F6EFB /* Frameworks */,
				087302BB2129D4D4006F6EFB /* Resources */,
				E7D8B9405301111E77EC3C0F /* [CP] Embed Pods Frameworks */,
			);
			buildRules = (
			);
			dependencies = (
			);
			name = RegisterMVVM;
			productName = RegisterMVVM;
			productReference = 087302BD2129D4D4006F6EFB /* RegisterMVVM.app */;
			productType = "com.apple.product-type.application";
		};
/* End PBXNativeTarget section */

/* Begin PBXProject section */
		087302B52129D4D4006F6EFB /* Project object */ = {
			isa = PBXProject;
			attributes = {
				LastSwiftUpdateCheck = 0940;
				LastUpgradeCheck = 0940;
				ORGANIZATIONNAME = "Do Hung";
				TargetAttributes = {
					087302BC2129D4D4006F6EFB = {
						CreatedOnToolsVersion = 9.4.1;
					};
				};
			};
			buildConfigurationList = 087302B82129D4D4006F6EFB /* Build configuration list for PBXProject "RegisterMVVM" */;
			compatibilityVersion = "Xcode 9.3";
			developmentRegion = en;
			hasScannedForEncodings = 0;
			knownRegions = (
				en,
				Base,
			);
			mainGroup = 087302B42129D4D4006F6EFB;
			productRefGroup = 087302BE2129D4D4006F6EFB /* Products */;
			projectDirPath = "";
			projectRoot = "";
			targets = (
				087302BC2129D4D4006F6EFB /* RegisterMVVM */,
			);
		};
/* End PBXProject section */

/* Begin PBXResourcesBuildPhase section */
		087302BB2129D4D4006F6EFB /* Resources */ = {
			isa = PBXResourcesBuildPhase;
			buildActionMask = 2147483647;
			files = (
				087302CB2129D4D6006F6EFB /* LaunchScreen.storyboard in Resources */,
				087302C82129D4D6006F6EFB /* Assets.xcassets in Resources */,
				087302C62129D4D5006F6EFB /* Main.storyboard in Resources */,
			);
			runOnlyForDeploymentPostprocessing = 0;
		};
/* End PBXResourcesBuildPhase section */

/* Begin PBXShellScriptBuildPhase section */
		DE0D69BADFFB8E5F1EB86EB5 /* [CP] Check Pods Manifest.lock */ = {
			isa = PBXShellScriptBuildPhase;
			buildActionMask = 2147483647;
			files = (
			);
			inputPaths = (
				"${PODS_PODFILE_DIR_PATH}/Podfile.lock",
				"${PODS_ROOT}/Manifest.lock",
			);
			name = "[CP] Check Pods Manifest.lock";
			outputPaths = (
				"$(DERIVED_FILE_DIR)/Pods-RegisterMVVM-checkManifestLockResult.txt",
			);
			runOnlyForDeploymentPostprocessing = 0;
			shellPath = /bin/sh;
			shellScript = "diff \"${PODS_PODFILE_DIR_PATH}/Podfile.lock\" \"${PODS_ROOT}/Manifest.lock\" > /dev/null\nif [ $? != 0 ] ; then\n    # print error to STDERR\n    echo \"error: The sandbox is not in sync with the Podfile.lock. Run 'pod install' or update your CocoaPods installation.\" >&2\n    exit 1\nfi\n# This output is used by Xcode 'outputs' to avoid re-running this script phase.\necho \"SUCCESS\" > \"${SCRIPT_OUTPUT_FILE_0}\"\n";
			showEnvVarsInLog = 0;
		};
		E7D8B9405301111E77EC3C0F /* [CP] Embed Pods Frameworks */ = {
			isa = PBXShellScriptBuildPhase;
			buildActionMask = 2147483647;
			files = (
			);
			inputPaths = (
				"${SRCROOT}/Pods/Target Support Files/Pods-RegisterMVVM/Pods-RegisterMVVM-frameworks.sh",
				"${BUILT_PRODUCTS_DIR}/RxCocoa/RxCocoa.framework",
				"${BUILT_PRODUCTS_DIR}/RxSwift/RxSwift.framework",
			);
			name = "[CP] Embed Pods Frameworks";
			outputPaths = (
				"${TARGET_BUILD_DIR}/${FRAMEWORKS_FOLDER_PATH}/RxCocoa.framework",
				"${TARGET_BUILD_DIR}/${FRAMEWORKS_FOLDER_PATH}/RxSwift.framework",
			);
			runOnlyForDeploymentPostprocessing = 0;
			shellPath = /bin/sh;
			shellScript = "\"${SRCROOT}/Pods/Target Support Files/Pods-RegisterMVVM/Pods-RegisterMVVM-frameworks.sh\"\n";
			showEnvVarsInLog = 0;
		};
/* End PBXShellScriptBuildPhase section */

/* Begin PBXSourcesBuildPhase section */
		087302B92129D4D4006F6EFB /* Sources */ = {
			isa = PBXSourcesBuildPhase;
			buildActionMask = 2147483647;
			files = (
				087302D32129D66E006F6EFB /* RegisterViewModal.swift in Sources */,
				087302C32129D4D5006F6EFB /* ViewController.swift in Sources */,
				087302C12129D4D5006F6EFB /* AppDelegate.swift in Sources */,
			);
			runOnlyForDeploymentPostprocessing = 0;
		};
/* End PBXSourcesBuildPhase section */

/* Begin PBXVariantGroup section */
		087302C42129D4D5006F6EFB /* Main.storyboard */ = {
			isa = PBXVariantGroup;
			children = (
				087302C52129D4D5006F6EFB /* Base */,
			);
			name = Main.storyboard;
			sourceTree = "<group>";
		};
		087302C92129D4D6006F6EFB /* LaunchScreen.storyboard */ = {
			isa = PBXVariantGroup;
			children = (
				087302CA2129D4D6006F6EFB /* Base */,
			);
			name = LaunchScreen.storyboard;
			sourceTree = "<group>";
		};
/* End PBXVariantGroup section */

/* Begin XCBuildConfiguration section */
		087302CD2129D4D6006F6EFB /* Debug */ = {
			isa = XCBuildConfiguration;
			buildSettings = {
				ALWAYS_SEARCH_USER_PATHS = NO;
				CLANG_ANALYZER_NONNULL = YES;
				CLANG_ANALYZER_NUMBER_OBJECT_CONVERSION = YES_AGGRESSIVE;
				CLANG_CXX_LANGUAGE_STANDARD = "gnu++14";
				CLANG_CXX_LIBRARY = "libc++";
				CLANG_ENABLE_MODULES = YES;
				CLANG_ENABLE_OBJC_ARC = YES;
				CLANG_ENABLE_OBJC_WEAK = YES;
				CLANG_WARN_BLOCK_CAPTURE_AUTORELEASING = YES;
				CLANG_WARN_BOOL_CONVERSION = YES;
				CLANG_WARN_COMMA = YES;
				CLANG_WARN_CONSTANT_CONVERSION = YES;
				CLANG_WARN_DEPRECATED_OBJC_IMPLEMENTATIONS = YES;
				CLANG_WARN_DIRECT_OBJC_ISA_USAGE = YES_ERROR;
				CLANG_WARN_DOCUMENTATION_COMMENTS = YES;
				CLANG_WARN_EMPTY_BODY = YES;
				CLANG_WARN_ENUM_CONVERSION = YES;
				CLANG_WARN_INFINITE_RECURSION = YES;
				CLANG_WARN_INT_CONVERSION = YES;
				CLANG_WARN_NON_LITERAL_NULL_CONVERSION = YES;
				CLANG_WARN_OBJC_IMPLICIT_RETAIN_SELF = YES;
				CLANG_WARN_OBJC_LITERAL_CONVERSION = YES;
				CLANG_WARN_OBJC_ROOT_CLASS = YES_ERROR;
				CLANG_WARN_RANGE_LOOP_ANALYSIS = YES;
				CLANG_WARN_STRICT_PROTOTYPES = YES;
				CLANG_WARN_SUSPICIOUS_MOVE = YES;
				CLANG_WARN_UNGUARDED_AVAILABILITY = YES_AGGRESSIVE;
				CLANG_WARN_UNREACHABLE_CODE = YES;
				CLANG_WARN__DUPLICATE_METHOD_MATCH = YES;
				CODE_SIGN_IDENTITY = "iPhone Developer";
				COPY_PHASE_STRIP = NO;
				DEBUG_INFORMATION_FORMAT = dwarf;
				ENABLE_STRICT_OBJC_MSGSEND = YES;
				ENABLE_TESTABILITY = YES;
				GCC_C_LANGUAGE_STANDARD = gnu11;
				GCC_DYNAMIC_NO_PIC = NO;
				GCC_NO_COMMON_BLOCKS = YES;
				GCC_OPTIMIZATION_LEVEL = 0;
				GCC_PREPROCESSOR_DEFINITIONS = (
					"DEBUG=1",
					"$(inherited)",
				);
				GCC_WARN_64_TO_32_BIT_CONVERSION = YES;
				GCC_WARN_ABOUT_RETURN_TYPE = YES_ERROR;
				GCC_WARN_UNDECLARED_SELECTOR = YES;
				GCC_WARN_UNINITIALIZED_AUTOS = YES_AGGRESSIVE;
				GCC_WARN_UNUSED_FUNCTION = YES;
				GCC_WARN_UNUSED_VARIABLE = YES;
				IPHONEOS_DEPLOYMENT_TARGET = 11.4;
				MTL_ENABLE_DEBUG_INFO = YES;
				ONLY_ACTIVE_ARCH = YES;
				SDKROOT = iphoneos;
				SWIFT_ACTIVE_COMPILATION_CONDITIONS = DEBUG;
				SWIFT_OPTIMIZATION_LEVEL = "-Onone";
			};
			name = Debug;
		};
		087302CE2129D4D6006F6EFB /* Release */ = {
			isa = XCBuildConfiguration;
			buildSettings = {
				ALWAYS_SEARCH_USER_PATHS = NO;
				CLANG_ANALYZER_NONNULL = YES;
				CLANG_ANALYZER_NUMBER_OBJECT_CONVERSION = YES_AGGRESSIVE;
				CLANG_CXX_LANGUAGE_STANDARD = "gnu++14";
				CLANG_CXX_LIBRARY = "libc++";
				CLANG_ENABLE_MODULES = YES;
				CLANG_ENABLE_OBJC_ARC = YES;
				CLANG_ENABLE_OBJC_WEAK = YES;
				CLANG_WARN_BLOCK_CAPTURE_AUTORELEASING = YES;
				CLANG_WARN_BOOL_CONVERSION = YES;
				CLANG_WARN_COMMA = YES;
				CLANG_WARN_CONSTANT_CONVERSION = YES;
				CLANG_WARN_DEPRECATED_OBJC_IMPLEMENTATIONS = YES;
				CLANG_WARN_DIRECT_OBJC_ISA_USAGE = YES_ERROR;
				CLANG_WARN_DOCUMENTATION_COMMENTS = YES;
				CLANG_WARN_EMPTY_BODY = YES;
				CLANG_WARN_ENUM_CONVERSION = YES;
				CLANG_WARN_INFINITE_RECURSION = YES;
				CLANG_WARN_INT_CONVERSION = YES;
				CLANG_WARN_NON_LITERAL_NULL_CONVERSION = YES;
				CLANG_WARN_OBJC_IMPLICIT_RETAIN_SELF = YES;
				CLANG_WARN_OBJC_LITERAL_CONVERSION = YES;
				CLANG_WARN_OBJC_ROOT_CLASS = YES_ERROR;
				CLANG_WARN_RANGE_LOOP_ANALYSIS = YES;
				CLANG_WARN_STRICT_PROTOTYPES = YES;
				CLANG_WARN_SUSPICIOUS_MOVE = YES;
				CLANG_WARN_UNGUARDED_AVAILABILITY = YES_AGGRESSIVE;
				CLANG_WARN_UNREACHABLE_CODE = YES;
				CLANG_WARN__DUPLICATE_METHOD_MATCH = YES;
				CODE_SIGN_IDENTITY = "iPhone Developer";
				COPY_PHASE_STRIP = NO;
				DEBUG_INFORMATION_FORMAT = "dwarf-with-dsym";
				ENABLE_NS_ASSERTIONS = NO;
				ENABLE_STRICT_OBJC_MSGSEND = YES;
				GCC_C_LANGUAGE_STANDARD = gnu11;
				GCC_NO_COMMON_BLOCKS = YES;
				GCC_WARN_64_TO_32_BIT_CONVERSION = YES;
				GCC_WARN_ABOUT_RETURN_TYPE = YES_ERROR;
				GCC_WARN_UNDECLARED_SELECTOR = YES;
				GCC_WARN_UNINITIALIZED_AUTOS = YES_AGGRESSIVE;
				GCC_WARN_UNUSED_FUNCTION = YES;
				GCC_WARN_UNUSED_VARIABLE = YES;
				IPHONEOS_DEPLOYMENT_TARGET = 11.4;
				MTL_ENABLE_DEBUG_INFO = NO;
				SDKROOT = iphoneos;
				SWIFT_COMPILATION_MODE = wholemodule;
				SWIFT_OPTIMIZATION_LEVEL = "-O";
				VALIDATE_PRODUCT = YES;
			};
			name = Release;
		};
		087302D02129D4D6006F6EFB /* Debug */ = {
			isa = XCBuildConfiguration;
			baseConfigurationReference = E5C661F5FFFB22ED24374D85 /* Pods-RegisterMVVM.debug.xcconfig */;
			buildSettings = {
				ASSETCATALOG_COMPILER_APPICON_NAME = AppIcon;
				CODE_SIGN_STYLE = Automatic;
				DEVELOPMENT_TEAM = VG5JZ5RSZ7;
				INFOPLIST_FILE = RegisterMVVM/Info.plist;
				LD_RUNPATH_SEARCH_PATHS = (
					"$(inherited)",
					"@executable_path/Frameworks",
				);
				PRODUCT_BUNDLE_IDENTIFIER = com.RegisterMVVM;
				PRODUCT_NAME = "$(TARGET_NAME)";
				SWIFT_VERSION = 4.0;
				TARGETED_DEVICE_FAMILY = "1,2";
			};
			name = Debug;
		};
		087302D12129D4D6006F6EFB /* Release */ = {
			isa = XCBuildConfiguration;
			baseConfigurationReference = 838276C0BCA80F5AD73E9A5E /* Pods-RegisterMVVM.release.xcconfig */;
			buildSettings = {
				ASSETCATALOG_COMPILER_APPICON_NAME = AppIcon;
				CODE_SIGN_STYLE = Automatic;
				DEVELOPMENT_TEAM = VG5JZ5RSZ7;
				INFOPLIST_FILE = RegisterMVVM/Info.plist;
				LD_RUNPATH_SEARCH_PATHS = (
					"$(inherited)",
					"@executable_path/Frameworks",
				);
				PRODUCT_BUNDLE_IDENTIFIER = com.RegisterMVVM;
				PRODUCT_NAME = "$(TARGET_NAME)";
				SWIFT_VERSION = 4.0;
				TARGETED_DEVICE_FAMILY = "1,2";
			};
			name = Release;
		};
/* End XCBuildConfiguration section */

/* Begin XCConfigurationList section */
		087302B82129D4D4006F6EFB /* Build configuration list for PBXProject "RegisterMVVM" */ = {
			isa = XCConfigurationList;
			buildConfigurations = (
				087302CD2129D4D6006F6EFB /* Debug */,
				087302CE2129D4D6006F6EFB /* Release */,
			);
			defaultConfigurationIsVisible = 0;
			defaultConfigurationName = Release;
		};
		087302CF2129D4D6006F6EFB /* Build configuration list for PBXNativeTarget "RegisterMVVM" */ = {
			isa = XCConfigurationList;
			buildConfigurations = (
				087302D02129D4D6006F6EFB /* Debug */,
				087302D12129D4D6006F6EFB /* Release */,
			);
			defaultConfigurationIsVisible = 0;
			defaultConfigurationName = Release;
		};
/* End XCConfigurationList section */
	};
	rootObject = 087302B52129D4D4006F6EFB /* Project object */;
}
