// !$*UTF8*$!
{
	archiveVersion = 1;
	classes = {
	};
	objectVersion = 50;
	objects = {

/* Begin PBXBuildFile section */
		08207DAF212A5769008BF1F3 /* AppDelegate.swift in Sources */ = {isa = PBXBuildFile; fileRef = 08207DAE212A5769008BF1F3 /* AppDelegate.swift */; };
		08207DB1212A5769008BF1F3 /* ViewController.swift in Sources */ = {isa = PBXBuildFile; fileRef = 08207DB0212A5769008BF1F3 /* ViewController.swift */; };
		08207DB4212A5769008BF1F3 /* Main.storyboard in Resources */ = {isa = PBXBuildFile; fileRef = 08207DB2212A5769008BF1F3 /* Main.storyboard */; };
		08207DB6212A576A008BF1F3 /* Assets.xcassets in Resources */ = {isa = PBXBuildFile; fileRef = 08207DB5212A576A008BF1F3 /* Assets.xcassets */; };
		08207DB9212A576A008BF1F3 /* LaunchScreen.storyboard in Resources */ = {isa = PBXBuildFile; fileRef = 08207DB7212A576A008BF1F3 /* LaunchScreen.storyboard */; };
		08991178212C16520011DBBF /* BaseResult.swift in Sources */ = {isa = PBXBuildFile; fileRef = 08991167212C16520011DBBF /* BaseResult.swift */; };
		0899117A212C16520011DBBF /* APIManager.swift in Sources */ = {isa = PBXBuildFile; fileRef = 08991169212C16520011DBBF /* APIManager.swift */; };
		0899117B212C16520011DBBF /* APIKey.swift in Sources */ = {isa = PBXBuildFile; fileRef = 0899116A212C16520011DBBF /* APIKey.swift */; };
		0899117C212C16520011DBBF /* BaseRequest.swift in Sources */ = {isa = PBXBuildFile; fileRef = 0899116C212C16520011DBBF /* BaseRequest.swift */; };
		0899117D212C16520011DBBF /* DownloadFileRequest.swift in Sources */ = {isa = PBXBuildFile; fileRef = 0899116D212C16520011DBBF /* DownloadFileRequest.swift */; };
		0899117E212C16520011DBBF /* SearchRequest.swift in Sources */ = {isa = PBXBuildFile; fileRef = 0899116E212C16520011DBBF /* SearchRequest.swift */; };
		0899117F212C16520011DBBF /* GenreRequest.swift in Sources */ = {isa = PBXBuildFile; fileRef = 0899116F212C16520011DBBF /* GenreRequest.swift */; };
		08991180212C16520011DBBF /* DownloadManager.swift in Sources */ = {isa = PBXBuildFile; fileRef = 08991170212C16520011DBBF /* DownloadManager.swift */; };
		08991181212C16520011DBBF /* ErrorResponse.swift in Sources */ = {isa = PBXBuildFile; fileRef = 08991172212C16520011DBBF /* ErrorResponse.swift */; };
		08991182212C16520011DBBF /* BaseError.swift in Sources */ = {isa = PBXBuildFile; fileRef = 08991173212C16520011DBBF /* BaseError.swift */; };
		08991183212C16520011DBBF /* HTTPStatusCode.swift in Sources */ = {isa = PBXBuildFile; fileRef = 08991174212C16520011DBBF /* HTTPStatusCode.swift */; };
		08991184212C16520011DBBF /* GeneralAPIRouter.swift in Sources */ = {isa = PBXBuildFile; fileRef = 08991176212C16520011DBBF /* GeneralAPIRouter.swift */; };
		08991185212C16520011DBBF /* BaseAPIRouter.swift in Sources */ = {isa = PBXBuildFile; fileRef = 08991177212C16520011DBBF /* BaseAPIRouter.swift */; };
		08991189212C17CE0011DBBF /* SearchResponse.swift in Sources */ = {isa = PBXBuildFile; fileRef = 08991187212C17CD0011DBBF /* SearchResponse.swift */; };
		0899118A212C17CE0011DBBF /* TrackSearch.swift in Sources */ = {isa = PBXBuildFile; fileRef = 08991188212C17CE0011DBBF /* TrackSearch.swift */; };
		0899118D212C17DF0011DBBF /* Genre.swift in Sources */ = {isa = PBXBuildFile; fileRef = 0899118B212C17DE0011DBBF /* Genre.swift */; };
		0899118E212C17DF0011DBBF /* Track.swift in Sources */ = {isa = PBXBuildFile; fileRef = 0899118C212C17DF0011DBBF /* Track.swift */; };
		08991190212C180E0011DBBF /* Constants.swift in Sources */ = {isa = PBXBuildFile; fileRef = 0899118F212C180E0011DBBF /* Constants.swift */; };
		08E37267212CFE840006AD5E /* SearchRepository.swift in Sources */ = {isa = PBXBuildFile; fileRef = 08E37266212CFE840006AD5E /* SearchRepository.swift */; };
		08E3726D212D04460006AD5E /* ViewModelType.swift in Sources */ = {isa = PBXBuildFile; fileRef = 08E3726C212D04460006AD5E /* ViewModelType.swift */; };
		08E37272212D05A80006AD5E /* ActivityIndicator.swift in Sources */ = {isa = PBXBuildFile; fileRef = 08E37270212D05A70006AD5E /* ActivityIndicator.swift */; };
		08E37273212D05A80006AD5E /* ErrorTracker.swift in Sources */ = {isa = PBXBuildFile; fileRef = 08E37271212D05A80006AD5E /* ErrorTracker.swift */; };
		08E37275212D10B00006AD5E /* Observable+.swift in Sources */ = {isa = PBXBuildFile; fileRef = 08E37274212D10B00006AD5E /* Observable+.swift */; };
		08E37277212D11940006AD5E /* GenreRepository.swift in Sources */ = {isa = PBXBuildFile; fileRef = 08E37276212D11940006AD5E /* GenreRepository.swift */; };
		08E37279212D14820006AD5E /* GenreUsecase.swift in Sources */ = {isa = PBXBuildFile; fileRef = 08E37278212D14820006AD5E /* GenreUsecase.swift */; };
		08E3727B212D15050006AD5E /* GenreViewModal.swift in Sources */ = {isa = PBXBuildFile; fileRef = 08E3727A212D15050006AD5E /* GenreViewModal.swift */; };
		08E3727D212D16240006AD5E /* BindableType.swift in Sources */ = {isa = PBXBuildFile; fileRef = 08E3727C212D16230006AD5E /* BindableType.swift */; };
		08E3727F212D18540006AD5E /* UIViewController+Rx.swift in Sources */ = {isa = PBXBuildFile; fileRef = 08E3727E212D18540006AD5E /* UIViewController+Rx.swift */; };
		08E37281212D18FF0006AD5E /* UIViewController+.swift in Sources */ = {isa = PBXBuildFile; fileRef = 08E37280212D18FE0006AD5E /* UIViewController+.swift */; };
		3DCE3BF0BBD80AEBED4BF855 /* Pods_DemoMVVM.framework in Frameworks */ = {isa = PBXBuildFile; fileRef = C81233B42A5BF31873D28BED /* Pods_DemoMVVM.framework */; };
/* End PBXBuildFile section */

/* Begin PBXFileReference section */
		08207DAB212A5769008BF1F3 /* DemoMVVM.app */ = {isa = PBXFileReference; explicitFileType = wrapper.application; includeInIndex = 0; path = DemoMVVM.app; sourceTree = BUILT_PRODUCTS_DIR; };
		08207DAE212A5769008BF1F3 /* AppDelegate.swift */ = {isa = PBXFileReference; lastKnownFileType = sourcecode.swift; path = AppDelegate.swift; sourceTree = "<group>"; };
		08207DB0212A5769008BF1F3 /* ViewController.swift */ = {isa = PBXFileReference; lastKnownFileType = sourcecode.swift; path = ViewController.swift; sourceTree = "<group>"; };
		08207DB3212A5769008BF1F3 /* Base */ = {isa = PBXFileReference; lastKnownFileType = file.storyboard; name = Base; path = Base.lproj/Main.storyboard; sourceTree = "<group>"; };
		08207DB5212A576A008BF1F3 /* Assets.xcassets */ = {isa = PBXFileReference; lastKnownFileType = folder.assetcatalog; path = Assets.xcassets; sourceTree = "<group>"; };
		08207DB8212A576A008BF1F3 /* Base */ = {isa = PBXFileReference; lastKnownFileType = file.storyboard; name = Base; path = Base.lproj/LaunchScreen.storyboard; sourceTree = "<group>"; };
		08207DBA212A576A008BF1F3 /* Info.plist */ = {isa = PBXFileReference; lastKnownFileType = text.plist.xml; path = Info.plist; sourceTree = "<group>"; };
		08991167212C16520011DBBF /* BaseResult.swift */ = {isa = PBXFileReference; fileEncoding = 4; lastKnownFileType = sourcecode.swift; path = BaseResult.swift; sourceTree = "<group>"; };
		08991169212C16520011DBBF /* APIManager.swift */ = {isa = PBXFileReference; fileEncoding = 4; lastKnownFileType = sourcecode.swift; path = APIManager.swift; sourceTree = "<group>"; };
		0899116A212C16520011DBBF /* APIKey.swift */ = {isa = PBXFileReference; fileEncoding = 4; lastKnownFileType = sourcecode.swift; path = APIKey.swift; sourceTree = "<group>"; };
		0899116C212C16520011DBBF /* BaseRequest.swift */ = {isa = PBXFileReference; fileEncoding = 4; lastKnownFileType = sourcecode.swift; path = BaseRequest.swift; sourceTree = "<group>"; };
		0899116D212C16520011DBBF /* DownloadFileRequest.swift */ = {isa = PBXFileReference; fileEncoding = 4; lastKnownFileType = sourcecode.swift; path = DownloadFileRequest.swift; sourceTree = "<group>"; };
		0899116E212C16520011DBBF /* SearchRequest.swift */ = {isa = PBXFileReference; fileEncoding = 4; lastKnownFileType = sourcecode.swift; path = SearchRequest.swift; sourceTree = "<group>"; };
		0899116F212C16520011DBBF /* GenreRequest.swift */ = {isa = PBXFileReference; fileEncoding = 4; lastKnownFileType = sourcecode.swift; path = GenreRequest.swift; sourceTree = "<group>"; };
		08991170212C16520011DBBF /* DownloadManager.swift */ = {isa = PBXFileReference; fileEncoding = 4; lastKnownFileType = sourcecode.swift; path = DownloadManager.swift; sourceTree = "<group>"; };
		08991172212C16520011DBBF /* ErrorResponse.swift */ = {isa = PBXFileReference; fileEncoding = 4; lastKnownFileType = sourcecode.swift; path = ErrorResponse.swift; sourceTree = "<group>"; };
		08991173212C16520011DBBF /* BaseError.swift */ = {isa = PBXFileReference; fileEncoding = 4; lastKnownFileType = sourcecode.swift; path = BaseError.swift; sourceTree = "<group>"; };
		08991174212C16520011DBBF /* HTTPStatusCode.swift */ = {isa = PBXFileReference; fileEncoding = 4; lastKnownFileType = sourcecode.swift; path = HTTPStatusCode.swift; sourceTree = "<group>"; };
		08991176212C16520011DBBF /* GeneralAPIRouter.swift */ = {isa = PBXFileReference; fileEncoding = 4; lastKnownFileType = sourcecode.swift; path = GeneralAPIRouter.swift; sourceTree = "<group>"; };
		08991177212C16520011DBBF /* BaseAPIRouter.swift */ = {isa = PBXFileReference; fileEncoding = 4; lastKnownFileType = sourcecode.swift; path = BaseAPIRouter.swift; sourceTree = "<group>"; };
		08991187212C17CD0011DBBF /* SearchResponse.swift */ = {isa = PBXFileReference; fileEncoding = 4; lastKnownFileType = sourcecode.swift; path = SearchResponse.swift; sourceTree = "<group>"; };
		08991188212C17CE0011DBBF /* TrackSearch.swift */ = {isa = PBXFileReference; fileEncoding = 4; lastKnownFileType = sourcecode.swift; path = TrackSearch.swift; sourceTree = "<group>"; };
		0899118B212C17DE0011DBBF /* Genre.swift */ = {isa = PBXFileReference; fileEncoding = 4; lastKnownFileType = sourcecode.swift; path = Genre.swift; sourceTree = "<group>"; };
		0899118C212C17DF0011DBBF /* Track.swift */ = {isa = PBXFileReference; fileEncoding = 4; lastKnownFileType = sourcecode.swift; path = Track.swift; sourceTree = "<group>"; };
		0899118F212C180E0011DBBF /* Constants.swift */ = {isa = PBXFileReference; fileEncoding = 4; lastKnownFileType = sourcecode.swift; path = Constants.swift; sourceTree = "<group>"; };
		08E37266212CFE840006AD5E /* SearchRepository.swift */ = {isa = PBXFileReference; lastKnownFileType = sourcecode.swift; path = SearchRepository.swift; sourceTree = "<group>"; };
		08E3726C212D04460006AD5E /* ViewModelType.swift */ = {isa = PBXFileReference; lastKnownFileType = sourcecode.swift; path = ViewModelType.swift; sourceTree = "<group>"; };
		08E37270212D05A70006AD5E /* ActivityIndicator.swift */ = {isa = PBXFileReference; fileEncoding = 4; lastKnownFileType = sourcecode.swift; path = ActivityIndicator.swift; sourceTree = "<group>"; };
		08E37271212D05A80006AD5E /* ErrorTracker.swift */ = {isa = PBXFileReference; fileEncoding = 4; lastKnownFileType = sourcecode.swift; path = ErrorTracker.swift; sourceTree = "<group>"; };
		08E37274212D10B00006AD5E /* Observable+.swift */ = {isa = PBXFileReference; fileEncoding = 4; lastKnownFileType = sourcecode.swift; path = "Observable+.swift"; sourceTree = "<group>"; };
		08E37276212D11940006AD5E /* GenreRepository.swift */ = {isa = PBXFileReference; lastKnownFileType = sourcecode.swift; path = GenreRepository.swift; sourceTree = "<group>"; };
		08E37278212D14820006AD5E /* GenreUsecase.swift */ = {isa = PBXFileReference; lastKnownFileType = sourcecode.swift; path = GenreUsecase.swift; sourceTree = "<group>"; };
		08E3727A212D15050006AD5E /* GenreViewModal.swift */ = {isa = PBXFileReference; lastKnownFileType = sourcecode.swift; path = GenreViewModal.swift; sourceTree = "<group>"; };
		08E3727C212D16230006AD5E /* BindableType.swift */ = {isa = PBXFileReference; fileEncoding = 4; lastKnownFileType = sourcecode.swift; path = BindableType.swift; sourceTree = "<group>"; };
		08E3727E212D18540006AD5E /* UIViewController+Rx.swift */ = {isa = PBXFileReference; fileEncoding = 4; lastKnownFileType = sourcecode.swift; path = "UIViewController+Rx.swift"; sourceTree = "<group>"; };
		08E37280212D18FE0006AD5E /* UIViewController+.swift */ = {isa = PBXFileReference; fileEncoding = 4; lastKnownFileType = sourcecode.swift; path = "UIViewController+.swift"; sourceTree = "<group>"; };
		84B339DAD6709B16029C0A8E /* Pods-DemoMVVM.release.xcconfig */ = {isa = PBXFileReference; includeInIndex = 1; lastKnownFileType = text.xcconfig; name = "Pods-DemoMVVM.release.xcconfig"; path = "Pods/Target Support Files/Pods-DemoMVVM/Pods-DemoMVVM.release.xcconfig"; sourceTree = "<group>"; };
		C81233B42A5BF31873D28BED /* Pods_DemoMVVM.framework */ = {isa = PBXFileReference; explicitFileType = wrapper.framework; includeInIndex = 0; path = Pods_DemoMVVM.framework; sourceTree = BUILT_PRODUCTS_DIR; };
		D8357D3CC4ED1674B8A516A0 /* Pods-DemoMVVM.debug.xcconfig */ = {isa = PBXFileReference; includeInIndex = 1; lastKnownFileType = text.xcconfig; name = "Pods-DemoMVVM.debug.xcconfig"; path = "Pods/Target Support Files/Pods-DemoMVVM/Pods-DemoMVVM.debug.xcconfig"; sourceTree = "<group>"; };
/* End PBXFileReference section */

/* Begin PBXFrameworksBuildPhase section */
		08207DA8212A5769008BF1F3 /* Frameworks */ = {
			isa = PBXFrameworksBuildPhase;
			buildActionMask = 2147483647;
			files = (
				3DCE3BF0BBD80AEBED4BF855 /* Pods_DemoMVVM.framework in Frameworks */,
			);
			runOnlyForDeploymentPostprocessing = 0;
		};
/* End PBXFrameworksBuildPhase section */

/* Begin PBXGroup section */
		08207DA2212A5769008BF1F3 = {
			isa = PBXGroup;
			children = (
				08207DAD212A5769008BF1F3 /* DemoMVVM */,
				08207DAC212A5769008BF1F3 /* Products */,
				8742E22EA5D52FEC6B6626AC /* Pods */,
				58382725E4820D943F1EA7C9 /* Frameworks */,
			);
			sourceTree = "<group>";
		};
		08207DAC212A5769008BF1F3 /* Products */ = {
			isa = PBXGroup;
			children = (
				08207DAB212A5769008BF1F3 /* DemoMVVM.app */,
			);
			name = Products;
			sourceTree = "<group>";
		};
		08207DAD212A5769008BF1F3 /* DemoMVVM */ = {
			isa = PBXGroup;
			children = (
				08E37280212D18FE0006AD5E /* UIViewController+.swift */,
				08E3727E212D18540006AD5E /* UIViewController+Rx.swift */,
				08E3727C212D16230006AD5E /* BindableType.swift */,
				08E37274212D10B00006AD5E /* Observable+.swift */,
				08E37270212D05A70006AD5E /* ActivityIndicator.swift */,
				08E37271212D05A80006AD5E /* ErrorTracker.swift */,
				08207DAE212A5769008BF1F3 /* AppDelegate.swift */,
				08E37269212D02940006AD5E /* Architecture */,
				08E37268212D018E0006AD5E /* Repository */,
				08991186212C17990011DBBF /* Model */,
				08991165212C16520011DBBF /* API */,
				08207DB2212A5769008BF1F3 /* Main.storyboard */,
				08207DB5212A576A008BF1F3 /* Assets.xcassets */,
				08207DB7212A576A008BF1F3 /* LaunchScreen.storyboard */,
				08207DBA212A576A008BF1F3 /* Info.plist */,
			);
			path = DemoMVVM;
			sourceTree = "<group>";
		};
		08991165212C16520011DBBF /* API */ = {
			isa = PBXGroup;
			children = (
				08991166212C16520011DBBF /* Response */,
				08991169212C16520011DBBF /* APIManager.swift */,
				0899116A212C16520011DBBF /* APIKey.swift */,
				0899116B212C16520011DBBF /* Request */,
				08991170212C16520011DBBF /* DownloadManager.swift */,
				08991171212C16520011DBBF /* Error */,
				08991175212C16520011DBBF /* Router */,
			);
			name = API;
			path = ../../../Project1/IOS_SoundCloud_02/SoundCloud/SoundCloud/API;
			sourceTree = "<group>";
		};
		08991166212C16520011DBBF /* Response */ = {
			isa = PBXGroup;
			children = (
				08991167212C16520011DBBF /* BaseResult.swift */,
			);
			path = Response;
			sourceTree = "<group>";
		};
		0899116B212C16520011DBBF /* Request */ = {
			isa = PBXGroup;
			children = (
				0899116C212C16520011DBBF /* BaseRequest.swift */,
				0899116D212C16520011DBBF /* DownloadFileRequest.swift */,
				0899116E212C16520011DBBF /* SearchRequest.swift */,
				0899116F212C16520011DBBF /* GenreRequest.swift */,
			);
			path = Request;
			sourceTree = "<group>";
		};
		08991171212C16520011DBBF /* Error */ = {
			isa = PBXGroup;
			children = (
				08991172212C16520011DBBF /* ErrorResponse.swift */,
				08991173212C16520011DBBF /* BaseError.swift */,
				08991174212C16520011DBBF /* HTTPStatusCode.swift */,
			);
			path = Error;
			sourceTree = "<group>";
		};
		08991175212C16520011DBBF /* Router */ = {
			isa = PBXGroup;
			children = (
				08991176212C16520011DBBF /* GeneralAPIRouter.swift */,
				08991177212C16520011DBBF /* BaseAPIRouter.swift */,
			);
			path = Router;
			sourceTree = "<group>";
		};
		08991186212C17990011DBBF /* Model */ = {
			isa = PBXGroup;
			children = (
				0899118F212C180E0011DBBF /* Constants.swift */,
				0899118B212C17DE0011DBBF /* Genre.swift */,
				0899118C212C17DF0011DBBF /* Track.swift */,
				08991187212C17CD0011DBBF /* SearchResponse.swift */,
				08991188212C17CE0011DBBF /* TrackSearch.swift */,
			);
			path = Model;
			sourceTree = "<group>";
		};
		08E37268212D018E0006AD5E /* Repository */ = {
			isa = PBXGroup;
			children = (
				08E37266212CFE840006AD5E /* SearchRepository.swift */,
				08E37276212D11940006AD5E /* GenreRepository.swift */,
			);
			path = Repository;
			sourceTree = "<group>";
		};
		08E37269212D02940006AD5E /* Architecture */ = {
			isa = PBXGroup;
			children = (
				08207DB0212A5769008BF1F3 /* ViewController.swift */,
				08E3726C212D04460006AD5E /* ViewModelType.swift */,
				08E37278212D14820006AD5E /* GenreUsecase.swift */,
				08E3727A212D15050006AD5E /* GenreViewModal.swift */,
			);
			path = Architecture;
			sourceTree = "<group>";
		};
		58382725E4820D943F1EA7C9 /* Frameworks */ = {
			isa = PBXGroup;
			children = (
				C81233B42A5BF31873D28BED /* Pods_DemoMVVM.framework */,
			);
			name = Frameworks;
			sourceTree = "<group>";
		};
		8742E22EA5D52FEC6B6626AC /* Pods */ = {
			isa = PBXGroup;
			children = (
				D8357D3CC4ED1674B8A516A0 /* Pods-DemoMVVM.debug.xcconfig */,
				84B339DAD6709B16029C0A8E /* Pods-DemoMVVM.release.xcconfig */,
			);
			name = Pods;
			sourceTree = "<group>";
		};
/* End PBXGroup section */

/* Begin PBXNativeTarget section */
		08207DAA212A5769008BF1F3 /* DemoMVVM */ = {
			isa = PBXNativeTarget;
			buildConfigurationList = 08207DBD212A576A008BF1F3 /* Build configuration list for PBXNativeTarget "DemoMVVM" */;
			buildPhases = (
				6D37EF80E9AD8620873B6B84 /* [CP] Check Pods Manifest.lock */,
				08207DA7212A5769008BF1F3 /* Sources */,
				08207DA8212A5769008BF1F3 /* Frameworks */,
				08207DA9212A5769008BF1F3 /* Resources */,
				43439553CAB30FA50574EAC1 /* [CP] Embed Pods Frameworks */,
			);
			buildRules = (
			);
			dependencies = (
			);
			name = DemoMVVM;
			productName = DemoMVVM;
			productReference = 08207DAB212A5769008BF1F3 /* DemoMVVM.app */;
			productType = "com.apple.product-type.application";
		};
/* End PBXNativeTarget section */

/* Begin PBXProject section */
		08207DA3212A5769008BF1F3 /* Project object */ = {
			isa = PBXProject;
			attributes = {
				LastSwiftUpdateCheck = 0940;
				LastUpgradeCheck = 0940;
				ORGANIZATIONNAME = "Do Hung";
				TargetAttributes = {
					08207DAA212A5769008BF1F3 = {
						CreatedOnToolsVersion = 9.4.1;
					};
				};
			};
			buildConfigurationList = 08207DA6212A5769008BF1F3 /* Build configuration list for PBXProject "DemoMVVM" */;
			compatibilityVersion = "Xcode 9.3";
			developmentRegion = en;
			hasScannedForEncodings = 0;
			knownRegions = (
				en,
				Base,
			);
			mainGroup = 08207DA2212A5769008BF1F3;
			productRefGroup = 08207DAC212A5769008BF1F3 /* Products */;
			projectDirPath = "";
			projectRoot = "";
			targets = (
				08207DAA212A5769008BF1F3 /* DemoMVVM */,
			);
		};
/* End PBXProject section */

/* Begin PBXResourcesBuildPhase section */
		08207DA9212A5769008BF1F3 /* Resources */ = {
			isa = PBXResourcesBuildPhase;
			buildActionMask = 2147483647;
			files = (
				08207DB9212A576A008BF1F3 /* LaunchScreen.storyboard in Resources */,
				08207DB6212A576A008BF1F3 /* Assets.xcassets in Resources */,
				08207DB4212A5769008BF1F3 /* Main.storyboard in Resources */,
			);
			runOnlyForDeploymentPostprocessing = 0;
		};
/* End PBXResourcesBuildPhase section */

/* Begin PBXShellScriptBuildPhase section */
		43439553CAB30FA50574EAC1 /* [CP] Embed Pods Frameworks */ = {
			isa = PBXShellScriptBuildPhase;
			buildActionMask = 2147483647;
			files = (
			);
			inputPaths = (
				"${SRCROOT}/Pods/Target Support Files/Pods-DemoMVVM/Pods-DemoMVVM-frameworks.sh",
				"${BUILT_PRODUCTS_DIR}/Alamofire/Alamofire.framework",
				"${BUILT_PRODUCTS_DIR}/MBProgressHUD/MBProgressHUD.framework",
				"${BUILT_PRODUCTS_DIR}/MKProgress/MKProgress.framework",
				"${BUILT_PRODUCTS_DIR}/NSObject+Rx/NSObject_Rx.framework",
				"${BUILT_PRODUCTS_DIR}/ObjectMapper/ObjectMapper.framework",
				"${BUILT_PRODUCTS_DIR}/RxCocoa/RxCocoa.framework",
				"${BUILT_PRODUCTS_DIR}/RxSwift/RxSwift.framework",
			);
			name = "[CP] Embed Pods Frameworks";
			outputPaths = (
				"${TARGET_BUILD_DIR}/${FRAMEWORKS_FOLDER_PATH}/Alamofire.framework",
				"${TARGET_BUILD_DIR}/${FRAMEWORKS_FOLDER_PATH}/MBProgressHUD.framework",
				"${TARGET_BUILD_DIR}/${FRAMEWORKS_FOLDER_PATH}/MKProgress.framework",
				"${TARGET_BUILD_DIR}/${FRAMEWORKS_FOLDER_PATH}/NSObject_Rx.framework",
				"${TARGET_BUILD_DIR}/${FRAMEWORKS_FOLDER_PATH}/ObjectMapper.framework",
				"${TARGET_BUILD_DIR}/${FRAMEWORKS_FOLDER_PATH}/RxCocoa.framework",
				"${TARGET_BUILD_DIR}/${FRAMEWORKS_FOLDER_PATH}/RxSwift.framework",
			);
			runOnlyForDeploymentPostprocessing = 0;
			shellPath = /bin/sh;
			shellScript = "\"${SRCROOT}/Pods/Target Support Files/Pods-DemoMVVM/Pods-DemoMVVM-frameworks.sh\"\n";
			showEnvVarsInLog = 0;
		};
		6D37EF80E9AD8620873B6B84 /* [CP] Check Pods Manifest.lock */ = {
			isa = PBXShellScriptBuildPhase;
			buildActionMask = 2147483647;
			files = (
			);
			inputPaths = (
				"${PODS_PODFILE_DIR_PATH}/Podfile.lock",
				"${PODS_ROOT}/Manifest.lock",
			);
			name = "[CP] Check Pods Manifest.lock";
			outputPaths = (
				"$(DERIVED_FILE_DIR)/Pods-DemoMVVM-checkManifestLockResult.txt",
			);
			runOnlyForDeploymentPostprocessing = 0;
			shellPath = /bin/sh;
			shellScript = "diff \"${PODS_PODFILE_DIR_PATH}/Podfile.lock\" \"${PODS_ROOT}/Manifest.lock\" > /dev/null\nif [ $? != 0 ] ; then\n    # print error to STDERR\n    echo \"error: The sandbox is not in sync with the Podfile.lock. Run 'pod install' or update your CocoaPods installation.\" >&2\n    exit 1\nfi\n# This output is used by Xcode 'outputs' to avoid re-running this script phase.\necho \"SUCCESS\" > \"${SCRIPT_OUTPUT_FILE_0}\"\n";
			showEnvVarsInLog = 0;
		};
/* End PBXShellScriptBuildPhase section */

/* Begin PBXSourcesBuildPhase section */
		08207DA7212A5769008BF1F3 /* Sources */ = {
			isa = PBXSourcesBuildPhase;
			buildActionMask = 2147483647;
			files = (
				08991183212C16520011DBBF /* HTTPStatusCode.swift in Sources */,
				08991190212C180E0011DBBF /* Constants.swift in Sources */,
				0899117C212C16520011DBBF /* BaseRequest.swift in Sources */,
				08E37279212D14820006AD5E /* GenreUsecase.swift in Sources */,
				08E3727B212D15050006AD5E /* GenreViewModal.swift in Sources */,
				0899117D212C16520011DBBF /* DownloadFileRequest.swift in Sources */,
				08991185212C16520011DBBF /* BaseAPIRouter.swift in Sources */,
				08E37273212D05A80006AD5E /* ErrorTracker.swift in Sources */,
				0899117A212C16520011DBBF /* APIManager.swift in Sources */,
				0899117E212C16520011DBBF /* SearchRequest.swift in Sources */,
				08E3727F212D18540006AD5E /* UIViewController+Rx.swift in Sources */,
				08E37275212D10B00006AD5E /* Observable+.swift in Sources */,
				08E37277212D11940006AD5E /* GenreRepository.swift in Sources */,
				0899117B212C16520011DBBF /* APIKey.swift in Sources */,
				08E37267212CFE840006AD5E /* SearchRepository.swift in Sources */,
				08991189212C17CE0011DBBF /* SearchResponse.swift in Sources */,
				0899117F212C16520011DBBF /* GenreRequest.swift in Sources */,
				08E3726D212D04460006AD5E /* ViewModelType.swift in Sources */,
				08991180212C16520011DBBF /* DownloadManager.swift in Sources */,
				08991184212C16520011DBBF /* GeneralAPIRouter.swift in Sources */,
				08E37272212D05A80006AD5E /* ActivityIndicator.swift in Sources */,
				08991178212C16520011DBBF /* BaseResult.swift in Sources */,
				08E3727D212D16240006AD5E /* BindableType.swift in Sources */,
				0899118A212C17CE0011DBBF /* TrackSearch.swift in Sources */,
				08207DB1212A5769008BF1F3 /* ViewController.swift in Sources */,
				08207DAF212A5769008BF1F3 /* AppDelegate.swift in Sources */,
				08991181212C16520011DBBF /* ErrorResponse.swift in Sources */,
				08991182212C16520011DBBF /* BaseError.swift in Sources */,
				08E37281212D18FF0006AD5E /* UIViewController+.swift in Sources */,
				0899118D212C17DF0011DBBF /* Genre.swift in Sources */,
				0899118E212C17DF0011DBBF /* Track.swift in Sources */,
			);
			runOnlyForDeploymentPostprocessing = 0;
		};
/* End PBXSourcesBuildPhase section */

/* Begin PBXVariantGroup section */
		08207DB2212A5769008BF1F3 /* Main.storyboard */ = {
			isa = PBXVariantGroup;
			children = (
				08207DB3212A5769008BF1F3 /* Base */,
			);
			name = Main.storyboard;
			sourceTree = "<group>";
		};
		08207DB7212A576A008BF1F3 /* LaunchScreen.storyboard */ = {
			isa = PBXVariantGroup;
			children = (
				08207DB8212A576A008BF1F3 /* Base */,
			);
			name = LaunchScreen.storyboard;
			sourceTree = "<group>";
		};
/* End PBXVariantGroup section */

/* Begin XCBuildConfiguration section */
		08207DBB212A576A008BF1F3 /* Debug */ = {
			isa = XCBuildConfiguration;
			buildSettings = {
				ALWAYS_SEARCH_USER_PATHS = NO;
				CLANG_ANALYZER_NONNULL = YES;
				CLANG_ANALYZER_NUMBER_OBJECT_CONVERSION = YES_AGGRESSIVE;
				CLANG_CXX_LANGUAGE_STANDARD = "gnu++14";
				CLANG_CXX_LIBRARY = "libc++";
				CLANG_ENABLE_MODULES = YES;
				CLANG_ENABLE_OBJC_ARC = YES;
				CLANG_ENABLE_OBJC_WEAK = YES;
				CLANG_WARN_BLOCK_CAPTURE_AUTORELEASING = YES;
				CLANG_WARN_BOOL_CONVERSION = YES;
				CLANG_WARN_COMMA = YES;
				CLANG_WARN_CONSTANT_CONVERSION = YES;
				CLANG_WARN_DEPRECATED_OBJC_IMPLEMENTATIONS = YES;
				CLANG_WARN_DIRECT_OBJC_ISA_USAGE = YES_ERROR;
				CLANG_WARN_DOCUMENTATION_COMMENTS = YES;
				CLANG_WARN_EMPTY_BODY = YES;
				CLANG_WARN_ENUM_CONVERSION = YES;
				CLANG_WARN_INFINITE_RECURSION = YES;
				CLANG_WARN_INT_CONVERSION = YES;
				CLANG_WARN_NON_LITERAL_NULL_CONVERSION = YES;
				CLANG_WARN_OBJC_IMPLICIT_RETAIN_SELF = YES;
				CLANG_WARN_OBJC_LITERAL_CONVERSION = YES;
				CLANG_WARN_OBJC_ROOT_CLASS = YES_ERROR;
				CLANG_WARN_RANGE_LOOP_ANALYSIS = YES;
				CLANG_WARN_STRICT_PROTOTYPES = YES;
				CLANG_WARN_SUSPICIOUS_MOVE = YES;
				CLANG_WARN_UNGUARDED_AVAILABILITY = YES_AGGRESSIVE;
				CLANG_WARN_UNREACHABLE_CODE = YES;
				CLANG_WARN__DUPLICATE_METHOD_MATCH = YES;
				CODE_SIGN_IDENTITY = "iPhone Developer";
				COPY_PHASE_STRIP = NO;
				DEBUG_INFORMATION_FORMAT = dwarf;
				ENABLE_STRICT_OBJC_MSGSEND = YES;
				ENABLE_TESTABILITY = YES;
				GCC_C_LANGUAGE_STANDARD = gnu11;
				GCC_DYNAMIC_NO_PIC = NO;
				GCC_NO_COMMON_BLOCKS = YES;
				GCC_OPTIMIZATION_LEVEL = 0;
				GCC_PREPROCESSOR_DEFINITIONS = (
					"DEBUG=1",
					"$(inherited)",
				);
				GCC_WARN_64_TO_32_BIT_CONVERSION = YES;
				GCC_WARN_ABOUT_RETURN_TYPE = YES_ERROR;
				GCC_WARN_UNDECLARED_SELECTOR = YES;
				GCC_WARN_UNINITIALIZED_AUTOS = YES_AGGRESSIVE;
				GCC_WARN_UNUSED_FUNCTION = YES;
				GCC_WARN_UNUSED_VARIABLE = YES;
				IPHONEOS_DEPLOYMENT_TARGET = 11.4;
				MTL_ENABLE_DEBUG_INFO = YES;
				ONLY_ACTIVE_ARCH = YES;
				SDKROOT = iphoneos;
				SWIFT_ACTIVE_COMPILATION_CONDITIONS = DEBUG;
				SWIFT_OPTIMIZATION_LEVEL = "-Onone";
			};
			name = Debug;
		};
		08207DBC212A576A008BF1F3 /* Release */ = {
			isa = XCBuildConfiguration;
			buildSettings = {
				ALWAYS_SEARCH_USER_PATHS = NO;
				CLANG_ANALYZER_NONNULL = YES;
				CLANG_ANALYZER_NUMBER_OBJECT_CONVERSION = YES_AGGRESSIVE;
				CLANG_CXX_LANGUAGE_STANDARD = "gnu++14";
				CLANG_CXX_LIBRARY = "libc++";
				CLANG_ENABLE_MODULES = YES;
				CLANG_ENABLE_OBJC_ARC = YES;
				CLANG_ENABLE_OBJC_WEAK = YES;
				CLANG_WARN_BLOCK_CAPTURE_AUTORELEASING = YES;
				CLANG_WARN_BOOL_CONVERSION = YES;
				CLANG_WARN_COMMA = YES;
				CLANG_WARN_CONSTANT_CONVERSION = YES;
				CLANG_WARN_DEPRECATED_OBJC_IMPLEMENTATIONS = YES;
				CLANG_WARN_DIRECT_OBJC_ISA_USAGE = YES_ERROR;
				CLANG_WARN_DOCUMENTATION_COMMENTS = YES;
				CLANG_WARN_EMPTY_BODY = YES;
				CLANG_WARN_ENUM_CONVERSION = YES;
				CLANG_WARN_INFINITE_RECURSION = YES;
				CLANG_WARN_INT_CONVERSION = YES;
				CLANG_WARN_NON_LITERAL_NULL_CONVERSION = YES;
				CLANG_WARN_OBJC_IMPLICIT_RETAIN_SELF = YES;
				CLANG_WARN_OBJC_LITERAL_CONVERSION = YES;
				CLANG_WARN_OBJC_ROOT_CLASS = YES_ERROR;
				CLANG_WARN_RANGE_LOOP_ANALYSIS = YES;
				CLANG_WARN_STRICT_PROTOTYPES = YES;
				CLANG_WARN_SUSPICIOUS_MOVE = YES;
				CLANG_WARN_UNGUARDED_AVAILABILITY = YES_AGGRESSIVE;
				CLANG_WARN_UNREACHABLE_CODE = YES;
				CLANG_WARN__DUPLICATE_METHOD_MATCH = YES;
				CODE_SIGN_IDENTITY = "iPhone Developer";
				COPY_PHASE_STRIP = NO;
				DEBUG_INFORMATION_FORMAT = "dwarf-with-dsym";
				ENABLE_NS_ASSERTIONS = NO;
				ENABLE_STRICT_OBJC_MSGSEND = YES;
				GCC_C_LANGUAGE_STANDARD = gnu11;
				GCC_NO_COMMON_BLOCKS = YES;
				GCC_WARN_64_TO_32_BIT_CONVERSION = YES;
				GCC_WARN_ABOUT_RETURN_TYPE = YES_ERROR;
				GCC_WARN_UNDECLARED_SELECTOR = YES;
				GCC_WARN_UNINITIALIZED_AUTOS = YES_AGGRESSIVE;
				GCC_WARN_UNUSED_FUNCTION = YES;
				GCC_WARN_UNUSED_VARIABLE = YES;
				IPHONEOS_DEPLOYMENT_TARGET = 11.4;
				MTL_ENABLE_DEBUG_INFO = NO;
				SDKROOT = iphoneos;
				SWIFT_COMPILATION_MODE = wholemodule;
				SWIFT_OPTIMIZATION_LEVEL = "-O";
				VALIDATE_PRODUCT = YES;
			};
			name = Release;
		};
		08207DBE212A576A008BF1F3 /* Debug */ = {
			isa = XCBuildConfiguration;
			baseConfigurationReference = D8357D3CC4ED1674B8A516A0 /* Pods-DemoMVVM.debug.xcconfig */;
			buildSettings = {
				ASSETCATALOG_COMPILER_APPICON_NAME = AppIcon;
				CODE_SIGN_STYLE = Automatic;
				DEVELOPMENT_TEAM = VG5JZ5RSZ7;
				INFOPLIST_FILE = DemoMVVM/Info.plist;
				LD_RUNPATH_SEARCH_PATHS = "$(inherited) @executable_path/Frameworks";
				PRODUCT_BUNDLE_IDENTIFIER = com.DemoMVVM;
				PRODUCT_NAME = "$(TARGET_NAME)";
				SWIFT_VERSION = 4.0;
				TARGETED_DEVICE_FAMILY = "1,2";
			};
			name = Debug;
		};
		08207DBF212A576A008BF1F3 /* Release */ = {
			isa = XCBuildConfiguration;
			baseConfigurationReference = 84B339DAD6709B16029C0A8E /* Pods-DemoMVVM.release.xcconfig */;
			buildSettings = {
				ASSETCATALOG_COMPILER_APPICON_NAME = AppIcon;
				CODE_SIGN_STYLE = Automatic;
				DEVELOPMENT_TEAM = VG5JZ5RSZ7;
				INFOPLIST_FILE = DemoMVVM/Info.plist;
				LD_RUNPATH_SEARCH_PATHS = "$(inherited) @executable_path/Frameworks";
				PRODUCT_BUNDLE_IDENTIFIER = com.DemoMVVM;
				PRODUCT_NAME = "$(TARGET_NAME)";
				SWIFT_VERSION = 4.0;
				TARGETED_DEVICE_FAMILY = "1,2";
			};
			name = Release;
		};
/* End XCBuildConfiguration section */

/* Begin XCConfigurationList section */
		08207DA6212A5769008BF1F3 /* Build configuration list for PBXProject "DemoMVVM" */ = {
			isa = XCConfigurationList;
			buildConfigurations = (
				08207DBB212A576A008BF1F3 /* Debug */,
				08207DBC212A576A008BF1F3 /* Release */,
			);
			defaultConfigurationIsVisible = 0;
			defaultConfigurationName = Release;
		};
		08207DBD212A576A008BF1F3 /* Build configuration list for PBXNativeTarget "DemoMVVM" */ = {
			isa = XCConfigurationList;
			buildConfigurations = (
				08207DBE212A576A008BF1F3 /* Debug */,
				08207DBF212A576A008BF1F3 /* Release */,
			);
			defaultConfigurationIsVisible = 0;
			defaultConfigurationName = Release;
		};
/* End XCConfigurationList section */
	};
	rootObject = 08207DA3212A5769008BF1F3 /* Project object */;
}
